{
  "name": "system_gui",
  "version": "2.0.0",
  "lockfileVersion": 2,
  "requires": true,
  "packages": {
    "": {
      "name": "system_gui",
      "version": "2.0.0",
      "license": "AGPL-3.0-or-later",
      "dependencies": {
        "@engines/ax": "0.0.32",
        "@engines/ax-appkit": "0.0.32",
        "@engines/ax-appkit-chartjs": "0.0.32",
        "@engines/ax-appkit-codemirror": "0.0.32",
        "@engines/ax-appkit-dropdown": "0.0.32",
        "@engines/ax-appkit-easymde": "0.0.32",
        "@engines/ax-appkit-field": "0.0.32",
        "@engines/ax-appkit-field-dependent": "0.0.32",
        "@engines/ax-appkit-field-extras": "0.0.32",
        "@engines/ax-appkit-field-nest": "0.0.32",
        "@engines/ax-appkit-field-nest-prefab": "0.0.32",
        "@engines/ax-appkit-filepond": "0.0.32",
        "@engines/ax-appkit-form-async": "0.0.32",
        "@engines/ax-appkit-markedjs": "0.0.32",
        "@engines/ax-appkit-panes": "0.0.32",
        "@engines/ax-appkit-twitter-bootstrap4": "0.0.32",
        "@engines/ax-appkit-xtermjs": "0.0.32",
        "@fortawesome/fontawesome-free": "^5.15.4",
        "bootstrap": "^4.5.3",
        "chart.js": "^2.9.4",
        "chartjs-chart-graph": "^2.2.1",
        "chartjs-plugin-datalabels": "^0.7.0",
        "codemirror": "^5.65.1",
        "dompurify": "^2.3.4",
        "easymde": "^2.16.1",
        "filepond": "^4.30.3",
        "html5sortable": "^0.13.3",
        "jquery": "^3.6.0",
        "marked": "^4.0.10",
        "mustache": "^4.2.0",
        "popper.js": "^1.16.1",
        "text-security": "^3.2.1",
        "xterm": "^4.16.0",
        "xterm-addon-fit": "^0.5.0"
      }
    },
    "node_modules/@engines/ax": {
      "version": "0.0.32",
      "resolved": "https://registry.npmjs.org/@engines/ax/-/ax-0.0.32.tgz",
      "integrity": "sha512-DwQ2+xPP3oEfT5LpCH2yOKzFWY3nB6+c1nU00kw07FpF0mNKXzQT20ysmEXXkv2L1vnqtFIATn1HpTqkuLmmxQ=="
    },
    "node_modules/@engines/ax-appkit": {
      "version": "0.0.32",
      "resolved": "https://registry.npmjs.org/@engines/ax-appkit/-/ax-appkit-0.0.32.tgz",
      "integrity": "sha512-e6LNt+++vI6i6C2do94gBUvZgdwFIzY0dbOZKXqhzajuuyx80PC/Bdu9qo8Eiax+F/Mq3ubWA59kg/XdsHoWxg=="
    },
    "node_modules/@engines/ax-appkit-chartjs": {
      "version": "0.0.32",
      "resolved": "https://registry.npmjs.org/@engines/ax-appkit-chartjs/-/ax-appkit-chartjs-0.0.32.tgz",
      "integrity": "sha512-+kaMTz2/aJpkPkLhB71yrcMc7fEeqYEKxcxOKUfmdNdey1VNHy2t9tDdcM8GlrBU3MSAoPb/K93FAG0guJMOMA=="
    },
    "node_modules/@engines/ax-appkit-codemirror": {
      "version": "0.0.32",
      "resolved": "https://registry.npmjs.org/@engines/ax-appkit-codemirror/-/ax-appkit-codemirror-0.0.32.tgz",
      "integrity": "sha512-N+QJ+YBkHXoU2Fet17YOIc6gQ6Xox3f7XLVsvo1Xy72fNyGQAagsu+FtAg1muMc3qUHl0Y9WmJdmJZdPLwEODA=="
    },
    "node_modules/@engines/ax-appkit-dropdown": {
      "version": "0.0.32",
      "resolved": "https://registry.npmjs.org/@engines/ax-appkit-dropdown/-/ax-appkit-dropdown-0.0.32.tgz",
      "integrity": "sha512-+lb+4tE9F0O53jqiSWR7sAH+eBRavRz7vPREmh6jGullJQwmx6qL1Qq03onNmkIOVYKMMQYM+VlMCT6TxZArsQ=="
    },
    "node_modules/@engines/ax-appkit-easymde": {
      "version": "0.0.32",
      "resolved": "https://registry.npmjs.org/@engines/ax-appkit-easymde/-/ax-appkit-easymde-0.0.32.tgz",
      "integrity": "sha512-ZsU1cwLL/ou8d+7mF59q4LC1g3L4iTHDM9QLb41/x2VoZRYdp5AeBJx68S49AVsSz+od26U7NEFxHJ2D5daUoA=="
    },
    "node_modules/@engines/ax-appkit-field": {
      "version": "0.0.32",
      "resolved": "https://registry.npmjs.org/@engines/ax-appkit-field/-/ax-appkit-field-0.0.32.tgz",
      "integrity": "sha512-QCrjwZTdHLpAs/j3BoCWA5ZGXw4KN3JlIScW5dchOtqpncUXUyzKrtfPrOSwcV+qwIHAWvsK3oWS4ZA6NiW9og=="
    },
    "node_modules/@engines/ax-appkit-field-dependent": {
      "version": "0.0.32",
      "resolved": "https://registry.npmjs.org/@engines/ax-appkit-field-dependent/-/ax-appkit-field-dependent-0.0.32.tgz",
      "integrity": "sha512-H85uUOw3DkFOVsGhReoHrYnvUHm4UIynmUVO5MnfvU+FEjY4hO5kICAE/Nt9b4FSnu+GXori7WYbMbwecQtELw=="
    },
    "node_modules/@engines/ax-appkit-field-extras": {
      "version": "0.0.32",
      "resolved": "https://registry.npmjs.org/@engines/ax-appkit-field-extras/-/ax-appkit-field-extras-0.0.32.tgz",
      "integrity": "sha512-r0DyJztfCGTnMDVGM4fAmlmzJj5On9XFY0KPL+HXZ6ZW8F6palwqcnH58wnur7MDBIUgcdRh4KIoSVCxHPwBDA=="
    },
    "node_modules/@engines/ax-appkit-field-nest": {
      "version": "0.0.32",
      "resolved": "https://registry.npmjs.org/@engines/ax-appkit-field-nest/-/ax-appkit-field-nest-0.0.32.tgz",
      "integrity": "sha512-TH7ywjTz0/j3asIaMuwtAZ+Qh00diK7i99SNhQAPel9V0jcIosAQcNzpmTz1dCp+dhNKilN46N7/wIpg66Szcg=="
    },
    "node_modules/@engines/ax-appkit-field-nest-prefab": {
      "version": "0.0.32",
      "resolved": "https://registry.npmjs.org/@engines/ax-appkit-field-nest-prefab/-/ax-appkit-field-nest-prefab-0.0.32.tgz",
      "integrity": "sha512-UaLbhG0NjSTxoa2+844uCBnTm+j6RvMQkZAUlO2nHuS/eIXv4NPdVXhnS2LCaYsDC0Zq1kLiOzZ3aQNcheIYLQ=="
    },
    "node_modules/@engines/ax-appkit-filepond": {
      "version": "0.0.32",
      "resolved": "https://registry.npmjs.org/@engines/ax-appkit-filepond/-/ax-appkit-filepond-0.0.32.tgz",
      "integrity": "sha512-EUwy9oKUp8OOcmClWQVwYjqqQ6IetbBdlYy9d9yEAFJylSNFuSKoc57kW2EXnzTsF7IXOTJvtooAnAGUSSdBIQ=="
    },
    "node_modules/@engines/ax-appkit-form-async": {
      "version": "0.0.32",
      "resolved": "https://registry.npmjs.org/@engines/ax-appkit-form-async/-/ax-appkit-form-async-0.0.32.tgz",
      "integrity": "sha512-+2XulSWrM6AYshfF+0EiISVKmHbWS9+fN8z7HVDIoJkIzxZi7lC/40IvZe/+VONHRJJKs7e9hF3zV6GDj7QTGw=="
    },
    "node_modules/@engines/ax-appkit-markedjs": {
      "version": "0.0.32",
      "resolved": "https://registry.npmjs.org/@engines/ax-appkit-markedjs/-/ax-appkit-markedjs-0.0.32.tgz",
      "integrity": "sha512-k/zH5Hr7pFXZLC3bz6KyBpTmtWgJRyt/C70fCbxYaxA9SQaIPxMQTuk0NJnOz8IAuFDBh0N4mOUcBHZ5X2Pzfw=="
    },
    "node_modules/@engines/ax-appkit-panes": {
      "version": "0.0.32",
      "resolved": "https://registry.npmjs.org/@engines/ax-appkit-panes/-/ax-appkit-panes-0.0.32.tgz",
      "integrity": "sha512-hflQxGiHUyLa40SbL8xQZdW5fUerVtbcj8XK/MdG3i/BRCE8DyiOB7zbJ4UsJAgFBPhnka/9h5r3/NDpecKMNA=="
    },
    "node_modules/@engines/ax-appkit-twitter-bootstrap4": {
      "version": "0.0.32",
      "resolved": "https://registry.npmjs.org/@engines/ax-appkit-twitter-bootstrap4/-/ax-appkit-twitter-bootstrap4-0.0.32.tgz",
      "integrity": "sha512-nfqauXjUuNz3cYpgoQE2F3d7H9kn2sJKTwfhfqb5NZm6b74u8ml7Hp3E5GUq/FCJaKBDzXqjzUyLXeOtP83QGQ=="
    },
    "node_modules/@engines/ax-appkit-xtermjs": {
      "version": "0.0.32",
      "resolved": "https://registry.npmjs.org/@engines/ax-appkit-xtermjs/-/ax-appkit-xtermjs-0.0.32.tgz",
      "integrity": "sha512-yq07RpKmt5rufsnIVkDHsjq2JayA/C3OK5oA9maB/bVhUrsu7W4Ya7x/6ZVUzSefGbT+LKHJ9KUJoExvDW1RxQ=="
    },
    "node_modules/@fortawesome/fontawesome-free": {
      "version": "5.15.4",
      "resolved": "https://registry.npmjs.org/@fortawesome/fontawesome-free/-/fontawesome-free-5.15.4.tgz",
      "integrity": "sha512-eYm8vijH/hpzr/6/1CJ/V/Eb1xQFW2nnUKArb3z+yUWv7HTwj6M7SP957oMjfZjAHU6qpoNc2wQvIxBLWYa/Jg==",
      "hasInstallScript": true,
      "engines": {
        "node": ">=6"
      }
    },
    "node_modules/@types/codemirror": {
      "version": "5.60.5",
      "resolved": "https://registry.npmjs.org/@types/codemirror/-/codemirror-5.60.5.tgz",
      "integrity": "sha512-TiECZmm8St5YxjFUp64LK0c8WU5bxMDt9YaAek1UqUb9swrSCoJhh92fWu1p3mTEqlHjhB5sY7OFBhWroJXZVg==",
      "dependencies": {
        "@types/tern": "*"
      }
    },
    "node_modules/@types/estree": {
      "version": "0.0.50",
      "resolved": "https://registry.npmjs.org/@types/estree/-/estree-0.0.50.tgz",
      "integrity": "sha512-C6N5s2ZFtuZRj54k2/zyRhNDjJwwcViAM3Nbm8zjBpbqAdZ00mr0CFxvSKeO8Y/e03WVFLpQMdHYVfUd6SB+Hw=="
    },
    "node_modules/@types/marked": {
      "version": "4.0.1",
      "resolved": "https://registry.npmjs.org/@types/marked/-/marked-4.0.1.tgz",
      "integrity": "sha512-ZigEmCWdNUU7IjZEuQ/iaimYdDHWHfTe3kg8ORfKjyGYd9RWumPoOJRQXB0bO+XLkNwzCthW3wUIQtANaEZ1ag=="
    },
    "node_modules/@types/tern": {
      "version": "0.23.4",
      "resolved": "https://registry.npmjs.org/@types/tern/-/tern-0.23.4.tgz",
      "integrity": "sha512-JAUw1iXGO1qaWwEOzxTKJZ/5JxVeON9kvGZ/osgZaJImBnyjyn0cjovPsf6FNLmyGY8Vw9DoXZCMlfMkMwHRWg==",
      "dependencies": {
        "@types/estree": "*"
      }
    },
    "node_modules/bootstrap": {
      "version": "4.6.1",
      "resolved": "https://registry.npmjs.org/bootstrap/-/bootstrap-4.6.1.tgz",
      "integrity": "sha512-0dj+VgI9Ecom+rvvpNZ4MUZJz8dcX7WCX+eTID9+/8HgOkv3dsRzi8BGeZJCQU6flWQVYxwTQnEZFrmJSEO7og==",
      "funding": {
        "type": "opencollective",
        "url": "https://opencollective.com/bootstrap"
      },
      "peerDependencies": {
        "jquery": "1.9.1 - 3",
        "popper.js": "^1.16.1"
      }
    },
    "node_modules/chart.js": {
      "version": "2.9.4",
      "resolved": "https://registry.npmjs.org/chart.js/-/chart.js-2.9.4.tgz",
      "integrity": "sha512-B07aAzxcrikjAPyV+01j7BmOpxtQETxTSlQ26BEYJ+3iUkbNKaOJ/nDbT6JjyqYxseM0ON12COHYdU2cTIjC7A==",
      "dependencies": {
        "chartjs-color": "^2.1.0",
        "moment": "^2.10.2"
      }
    },
    "node_modules/chartjs-chart-graph": {
      "version": "2.2.1",
      "resolved": "https://registry.npmjs.org/chartjs-chart-graph/-/chartjs-chart-graph-2.2.1.tgz",
      "integrity": "sha512-rR8bLFYoYlJWl+Bzz4vPaTqK0SI0iemz686/PKBXRD0FVPSvpQ3gLTQGzMW7Sx9OCTu5jn66VMl+vgEPNtS2Fg==",
      "dependencies": {
        "d3-force": "^2.0.1",
        "d3-hierarchy": "^1.1.9"
      },
      "peerDependencies": {
        "chart.js": "^2.8.0"
      }
    },
    "node_modules/chartjs-color": {
      "version": "2.4.1",
      "resolved": "https://registry.npmjs.org/chartjs-color/-/chartjs-color-2.4.1.tgz",
      "integrity": "sha512-haqOg1+Yebys/Ts/9bLo/BqUcONQOdr/hoEr2LLTRl6C5LXctUdHxsCYfvQVg5JIxITrfCNUDr4ntqmQk9+/0w==",
      "dependencies": {
        "chartjs-color-string": "^0.6.0",
        "color-convert": "^1.9.3"
      }
    },
    "node_modules/chartjs-color-string": {
      "version": "0.6.0",
      "resolved": "https://registry.npmjs.org/chartjs-color-string/-/chartjs-color-string-0.6.0.tgz",
      "integrity": "sha512-TIB5OKn1hPJvO7JcteW4WY/63v6KwEdt6udfnDE9iCAZgy+V4SrbSxoIbTw/xkUIapjEI4ExGtD0+6D3KyFd7A==",
      "dependencies": {
        "color-name": "^1.0.0"
      }
    },
    "node_modules/chartjs-plugin-datalabels": {
      "version": "0.7.0",
      "resolved": "https://registry.npmjs.org/chartjs-plugin-datalabels/-/chartjs-plugin-datalabels-0.7.0.tgz",
      "integrity": "sha512-PKVUX14nYhH0wcdCpgOoC39Gbzvn6cZ7O9n+bwc02yKD9FTnJ7/TSrBcfebmolFZp1Rcicr9xbT0a5HUbigS7g==",
      "peerDependencies": {
        "chart.js": ">= 2.7.0 < 3"
      }
    },
    "node_modules/codemirror": {
      "version": "5.65.1",
      "resolved": "https://registry.npmjs.org/codemirror/-/codemirror-5.65.1.tgz",
      "integrity": "sha512-s6aac+DD+4O2u1aBmdxhB7yz2XU7tG3snOyQ05Kxifahz7hoxnfxIRHxiCSEv3TUC38dIVH8G+lZH9UWSfGQxA=="
    },
    "node_modules/codemirror-spell-checker": {
      "version": "1.1.2",
      "resolved": "https://registry.npmjs.org/codemirror-spell-checker/-/codemirror-spell-checker-1.1.2.tgz",
      "integrity": "sha1-HGYPkIlIPMtRE7m6nKGcP0mTNx4=",
      "dependencies": {
        "typo-js": "*"
      }
    },
    "node_modules/color-convert": {
      "version": "1.9.3",
      "resolved": "https://registry.npmjs.org/color-convert/-/color-convert-1.9.3.tgz",
      "integrity": "sha512-QfAUtd+vFdAtFQcC8CCyYt1fYWxSqAiK2cSD6zDB8N3cpsEBAvRxp9zOGg6G/SHHJYAT88/az/IuDGALsNVbGg==",
      "dependencies": {
        "color-name": "1.1.3"
      }
    },
    "node_modules/color-convert/node_modules/color-name": {
      "version": "1.1.3",
      "resolved": "https://registry.npmjs.org/color-name/-/color-name-1.1.3.tgz",
      "integrity": "sha1-p9BVi9icQveV3UIyj3QIMcpTvCU="
    },
    "node_modules/color-name": {
      "version": "1.1.4",
      "resolved": "https://registry.npmjs.org/color-name/-/color-name-1.1.4.tgz",
      "integrity": "sha512-dOy+3AuW3a2wNbZHIuMZpTcgjGuLU/uBL/ubcZF9OXbDo8ff4O8yVp5Bf0efS8uEoYo5q4Fx7dY9OgQGXgAsQA=="
    },
    "node_modules/d3-dispatch": {
      "version": "2.0.0",
      "resolved": "https://registry.npmjs.org/d3-dispatch/-/d3-dispatch-2.0.0.tgz",
      "integrity": "sha512-S/m2VsXI7gAti2pBoLClFFTMOO1HTtT0j99AuXLoGFKO6deHDdnv6ZGTxSTTUTgO1zVcv82fCOtDjYK4EECmWA=="
    },
    "node_modules/d3-force": {
      "version": "2.1.1",
      "resolved": "https://registry.npmjs.org/d3-force/-/d3-force-2.1.1.tgz",
      "integrity": "sha512-nAuHEzBqMvpFVMf9OX75d00OxvOXdxY+xECIXjW6Gv8BRrXu6gAWbv/9XKrvfJ5i5DCokDW7RYE50LRoK092ew==",
      "dependencies": {
        "d3-dispatch": "1 - 2",
        "d3-quadtree": "1 - 2",
        "d3-timer": "1 - 2"
      }
    },
    "node_modules/d3-hierarchy": {
      "version": "1.1.9",
      "resolved": "https://registry.npmjs.org/d3-hierarchy/-/d3-hierarchy-1.1.9.tgz",
      "integrity": "sha512-j8tPxlqh1srJHAtxfvOUwKNYJkQuBFdM1+JAUfq6xqH5eAqf93L7oG1NVqDa4CpFZNvnNKtCYEUC8KY9yEn9lQ=="
    },
    "node_modules/d3-quadtree": {
      "version": "2.0.0",
      "resolved": "https://registry.npmjs.org/d3-quadtree/-/d3-quadtree-2.0.0.tgz",
      "integrity": "sha512-b0Ed2t1UUalJpc3qXzKi+cPGxeXRr4KU9YSlocN74aTzp6R/Ud43t79yLLqxHRWZfsvWXmbDWPpoENK1K539xw=="
    },
    "node_modules/d3-timer": {
      "version": "2.0.0",
      "resolved": "https://registry.npmjs.org/d3-timer/-/d3-timer-2.0.0.tgz",
      "integrity": "sha512-TO4VLh0/420Y/9dO3+f9abDEFYeCUr2WZRlxJvbp4HPTQcSylXNiL6yZa9FIUvV1yRiFufl1bszTCLDqv9PWNA=="
    },
    "node_modules/dompurify": {
      "version": "2.3.4",
      "resolved": "https://registry.npmjs.org/dompurify/-/dompurify-2.3.4.tgz",
      "integrity": "sha512-6BVcgOAVFXjI0JTjEvZy901Rghm+7fDQOrNIcxB4+gdhj6Kwp6T9VBhBY/AbagKHJocRkDYGd6wvI+p4/10xtQ=="
    },
    "node_modules/easymde": {
      "version": "2.16.1",
      "resolved": "https://registry.npmjs.org/easymde/-/easymde-2.16.1.tgz",
      "integrity": "sha512-FihYgjRsKfhGNk89SHSqxKLC4aJ1kfybPWW6iAmtb5GnXu+tnFPSzSaGBmk1RRlCuhFSjhF0SnIMGVPjEzkr6g==",
      "dependencies": {
        "@types/codemirror": "^5.60.4",
        "@types/marked": "^4.0.1",
        "codemirror": "^5.63.1",
        "codemirror-spell-checker": "1.1.2",
        "marked": "^4.0.10"
      }
    },
    "node_modules/easymde/node_modules/codemirror": {
      "version": "5.65.1",
      "resolved": "https://registry.npmjs.org/codemirror/-/codemirror-5.65.1.tgz",
      "integrity": "sha512-s6aac+DD+4O2u1aBmdxhB7yz2XU7tG3snOyQ05Kxifahz7hoxnfxIRHxiCSEv3TUC38dIVH8G+lZH9UWSfGQxA=="
    },
    "node_modules/easymde/node_modules/marked": {
      "version": "4.0.10",
      "resolved": "https://registry.npmjs.org/marked/-/marked-4.0.10.tgz",
      "integrity": "sha512-+QvuFj0nGgO970fySghXGmuw+Fd0gD2x3+MqCWLIPf5oxdv1Ka6b2q+z9RP01P/IaKPMEramy+7cNy/Lw8c3hw==",
      "bin": {
        "marked": "bin/marked.js"
      },
      "engines": {
        "node": ">= 12"
      }
    },
    "node_modules/filepond": {
      "version": "4.30.3",
      "resolved": "https://registry.npmjs.org/filepond/-/filepond-4.30.3.tgz",
      "integrity": "sha512-G2b1LEe90Sq2vH0SYDASTB+vVU735NBctzIaFPlZtb14QAgi/AL89WyQ6LhTfqgyrMyuZur2O9yHAmzS2E9ZnA=="
    },
    "node_modules/html5sortable": {
      "version": "0.13.3",
      "resolved": "https://registry.npmjs.org/html5sortable/-/html5sortable-0.13.3.tgz",
      "integrity": "sha512-rmglSaNttGo4LY33PFW51mgeD1ItvHyfS9cRCD+Cj9Msj/xFaG/sZjLGVtPbtxYJmhY/c8jtw6G07yWhC2ifEw=="
    },
    "node_modules/jquery": {
      "version": "3.6.0",
      "resolved": "https://registry.npmjs.org/jquery/-/jquery-3.6.0.tgz",
      "integrity": "sha512-JVzAR/AjBvVt2BmYhxRCSYysDsPcssdmTFnzyLEts9qNwmjmu4JTAMYubEfwVOSwpQ1I1sKKFcxhZCI2buerfw=="
    },
    "node_modules/marked": {
      "version": "4.0.10",
      "resolved": "https://registry.npmjs.org/marked/-/marked-4.0.10.tgz",
      "integrity": "sha512-+QvuFj0nGgO970fySghXGmuw+Fd0gD2x3+MqCWLIPf5oxdv1Ka6b2q+z9RP01P/IaKPMEramy+7cNy/Lw8c3hw==",
      "bin": {
        "marked": "bin/marked.js"
      },
      "engines": {
        "node": ">= 12"
      }
    },
    "node_modules/moment": {
      "version": "2.29.4",
      "resolved": "https://registry.npmjs.org/moment/-/moment-2.29.4.tgz",
      "integrity": "sha512-5LC9SOxjSc2HF6vO2CyuTDNivEdoz2IvyJJGj6X8DJ0eFyfszE0QiEd+iXmBvUP3WHxSjFH/vIsA0EN00cgr8w==",
      "engines": {
        "node": "*"
      }
    },
    "node_modules/mustache": {
      "version": "4.2.0",
      "resolved": "https://registry.npmjs.org/mustache/-/mustache-4.2.0.tgz",
      "integrity": "sha512-71ippSywq5Yb7/tVYyGbkBggbU8H3u5Rz56fH60jGFgr8uHwxs+aSKeqmluIVzM0m0kB7xQjKS6qPfd0b2ZoqQ==",
      "bin": {
        "mustache": "bin/mustache"
      }
    },
    "node_modules/popper.js": {
      "version": "1.16.1",
      "resolved": "https://registry.npmjs.org/popper.js/-/popper.js-1.16.1.tgz",
      "integrity": "sha512-Wb4p1J4zyFTbM+u6WuO4XstYx4Ky9Cewe4DWrel7B0w6VVICvPwdOpotjzcf6eD8TsckVnIMNONQyPIUFOUbCQ==",
      "deprecated": "You can find the new Popper v2 at @popperjs/core, this package is dedicated to the legacy v1",
      "funding": {
        "type": "opencollective",
        "url": "https://opencollective.com/popperjs"
      }
    },
    "node_modules/text-security": {
      "version": "3.2.1",
      "resolved": "https://registry.npmjs.org/text-security/-/text-security-3.2.1.tgz",
      "integrity": "sha512-MjDQ3lyLeLqcGqZfQCZ6kvjQiuNfJaicdgIczPJDtD4tj0vIPT8WwIOKTi8wgXCVS/F1WJmapO3SppXemrwbIA=="
    },
    "node_modules/typo-js": {
      "version": "1.2.1",
      "resolved": "https://registry.npmjs.org/typo-js/-/typo-js-1.2.1.tgz",
      "integrity": "sha512-bTGLjbD3WqZDR3CgEFkyi9Q/SS2oM29ipXrWfDb4M74ea69QwKAECVceYpaBu0GfdnASMg9Qfl67ttB23nePHg=="
    },
    "node_modules/xterm": {
      "version": "4.16.0",
      "resolved": "https://registry.npmjs.org/xterm/-/xterm-4.16.0.tgz",
      "integrity": "sha512-nAbuigL9CYkI075mdfqpnB8cHZNKxENCj1CQ9Tm5gSvWkMtkanmRN2mkHGjSaET1/3+X9BqISFFo7Pd2mXVjiQ=="
    },
    "node_modules/xterm-addon-fit": {
      "version": "0.5.0",
      "resolved": "https://registry.npmjs.org/xterm-addon-fit/-/xterm-addon-fit-0.5.0.tgz",
      "integrity": "sha512-DsS9fqhXHacEmsPxBJZvfj2la30Iz9xk+UKjhQgnYNkrUIN5CYLbw7WEfz117c7+S86S/tpHPfvNxJsF5/G8wQ==",
      "peerDependencies": {
        "xterm": "^4.0.0"
      }
    }
  },
  "dependencies": {
    "@engines/ax": {
      "version": "0.0.32",
      "resolved": "https://registry.npmjs.org/@engines/ax/-/ax-0.0.32.tgz",
      "integrity": "sha512-DwQ2+xPP3oEfT5LpCH2yOKzFWY3nB6+c1nU00kw07FpF0mNKXzQT20ysmEXXkv2L1vnqtFIATn1HpTqkuLmmxQ=="
    },
    "@engines/ax-appkit": {
      "version": "0.0.32",
      "resolved": "https://registry.npmjs.org/@engines/ax-appkit/-/ax-appkit-0.0.32.tgz",
      "integrity": "sha512-e6LNt+++vI6i6C2do94gBUvZgdwFIzY0dbOZKXqhzajuuyx80PC/Bdu9qo8Eiax+F/Mq3ubWA59kg/XdsHoWxg=="
    },
    "@engines/ax-appkit-chartjs": {
      "version": "0.0.32",
      "resolved": "https://registry.npmjs.org/@engines/ax-appkit-chartjs/-/ax-appkit-chartjs-0.0.32.tgz",
      "integrity": "sha512-+kaMTz2/aJpkPkLhB71yrcMc7fEeqYEKxcxOKUfmdNdey1VNHy2t9tDdcM8GlrBU3MSAoPb/K93FAG0guJMOMA=="
    },
    "@engines/ax-appkit-codemirror": {
      "version": "0.0.32",
      "resolved": "https://registry.npmjs.org/@engines/ax-appkit-codemirror/-/ax-appkit-codemirror-0.0.32.tgz",
      "integrity": "sha512-N+QJ+YBkHXoU2Fet17YOIc6gQ6Xox3f7XLVsvo1Xy72fNyGQAagsu+FtAg1muMc3qUHl0Y9WmJdmJZdPLwEODA=="
    },
    "@engines/ax-appkit-dropdown": {
      "version": "0.0.32",
      "resolved": "https://registry.npmjs.org/@engines/ax-appkit-dropdown/-/ax-appkit-dropdown-0.0.32.tgz",
      "integrity": "sha512-+lb+4tE9F0O53jqiSWR7sAH+eBRavRz7vPREmh6jGullJQwmx6qL1Qq03onNmkIOVYKMMQYM+VlMCT6TxZArsQ=="
    },
    "@engines/ax-appkit-easymde": {
      "version": "0.0.32",
      "resolved": "https://registry.npmjs.org/@engines/ax-appkit-easymde/-/ax-appkit-easymde-0.0.32.tgz",
      "integrity": "sha512-ZsU1cwLL/ou8d+7mF59q4LC1g3L4iTHDM9QLb41/x2VoZRYdp5AeBJx68S49AVsSz+od26U7NEFxHJ2D5daUoA=="
    },
    "@engines/ax-appkit-field": {
      "version": "0.0.32",
      "resolved": "https://registry.npmjs.org/@engines/ax-appkit-field/-/ax-appkit-field-0.0.32.tgz",
      "integrity": "sha512-QCrjwZTdHLpAs/j3BoCWA5ZGXw4KN3JlIScW5dchOtqpncUXUyzKrtfPrOSwcV+qwIHAWvsK3oWS4ZA6NiW9og=="
    },
    "@engines/ax-appkit-field-dependent": {
      "version": "0.0.32",
      "resolved": "https://registry.npmjs.org/@engines/ax-appkit-field-dependent/-/ax-appkit-field-dependent-0.0.32.tgz",
      "integrity": "sha512-H85uUOw3DkFOVsGhReoHrYnvUHm4UIynmUVO5MnfvU+FEjY4hO5kICAE/Nt9b4FSnu+GXori7WYbMbwecQtELw=="
    },
    "@engines/ax-appkit-field-extras": {
      "version": "0.0.32",
      "resolved": "https://registry.npmjs.org/@engines/ax-appkit-field-extras/-/ax-appkit-field-extras-0.0.32.tgz",
      "integrity": "sha512-r0DyJztfCGTnMDVGM4fAmlmzJj5On9XFY0KPL+HXZ6ZW8F6palwqcnH58wnur7MDBIUgcdRh4KIoSVCxHPwBDA=="
    },
    "@engines/ax-appkit-field-nest": {
      "version": "0.0.32",
      "resolved": "https://registry.npmjs.org/@engines/ax-appkit-field-nest/-/ax-appkit-field-nest-0.0.32.tgz",
      "integrity": "sha512-TH7ywjTz0/j3asIaMuwtAZ+Qh00diK7i99SNhQAPel9V0jcIosAQcNzpmTz1dCp+dhNKilN46N7/wIpg66Szcg=="
    },
    "@engines/ax-appkit-field-nest-prefab": {
      "version": "0.0.32",
      "resolved": "https://registry.npmjs.org/@engines/ax-appkit-field-nest-prefab/-/ax-appkit-field-nest-prefab-0.0.32.tgz",
      "integrity": "sha512-UaLbhG0NjSTxoa2+844uCBnTm+j6RvMQkZAUlO2nHuS/eIXv4NPdVXhnS2LCaYsDC0Zq1kLiOzZ3aQNcheIYLQ=="
    },
    "@engines/ax-appkit-filepond": {
      "version": "0.0.32",
      "resolved": "https://registry.npmjs.org/@engines/ax-appkit-filepond/-/ax-appkit-filepond-0.0.32.tgz",
      "integrity": "sha512-EUwy9oKUp8OOcmClWQVwYjqqQ6IetbBdlYy9d9yEAFJylSNFuSKoc57kW2EXnzTsF7IXOTJvtooAnAGUSSdBIQ=="
    },
    "@engines/ax-appkit-form-async": {
      "version": "0.0.32",
      "resolved": "https://registry.npmjs.org/@engines/ax-appkit-form-async/-/ax-appkit-form-async-0.0.32.tgz",
      "integrity": "sha512-+2XulSWrM6AYshfF+0EiISVKmHbWS9+fN8z7HVDIoJkIzxZi7lC/40IvZe/+VONHRJJKs7e9hF3zV6GDj7QTGw=="
    },
    "@engines/ax-appkit-markedjs": {
      "version": "0.0.32",
      "resolved": "https://registry.npmjs.org/@engines/ax-appkit-markedjs/-/ax-appkit-markedjs-0.0.32.tgz",
      "integrity": "sha512-k/zH5Hr7pFXZLC3bz6KyBpTmtWgJRyt/C70fCbxYaxA9SQaIPxMQTuk0NJnOz8IAuFDBh0N4mOUcBHZ5X2Pzfw=="
    },
    "@engines/ax-appkit-panes": {
      "version": "0.0.32",
      "resolved": "https://registry.npmjs.org/@engines/ax-appkit-panes/-/ax-appkit-panes-0.0.32.tgz",
      "integrity": "sha512-hflQxGiHUyLa40SbL8xQZdW5fUerVtbcj8XK/MdG3i/BRCE8DyiOB7zbJ4UsJAgFBPhnka/9h5r3/NDpecKMNA=="
    },
    "@engines/ax-appkit-twitter-bootstrap4": {
      "version": "0.0.32",
      "resolved": "https://registry.npmjs.org/@engines/ax-appkit-twitter-bootstrap4/-/ax-appkit-twitter-bootstrap4-0.0.32.tgz",
      "integrity": "sha512-nfqauXjUuNz3cYpgoQE2F3d7H9kn2sJKTwfhfqb5NZm6b74u8ml7Hp3E5GUq/FCJaKBDzXqjzUyLXeOtP83QGQ=="
    },
    "@engines/ax-appkit-xtermjs": {
      "version": "0.0.32",
      "resolved": "https://registry.npmjs.org/@engines/ax-appkit-xtermjs/-/ax-appkit-xtermjs-0.0.32.tgz",
      "integrity": "sha512-yq07RpKmt5rufsnIVkDHsjq2JayA/C3OK5oA9maB/bVhUrsu7W4Ya7x/6ZVUzSefGbT+LKHJ9KUJoExvDW1RxQ=="
    },
    "@fortawesome/fontawesome-free": {
      "version": "5.15.4",
      "resolved": "https://registry.npmjs.org/@fortawesome/fontawesome-free/-/fontawesome-free-5.15.4.tgz",
      "integrity": "sha512-eYm8vijH/hpzr/6/1CJ/V/Eb1xQFW2nnUKArb3z+yUWv7HTwj6M7SP957oMjfZjAHU6qpoNc2wQvIxBLWYa/Jg=="
    },
    "@types/codemirror": {
      "version": "5.60.5",
      "resolved": "https://registry.npmjs.org/@types/codemirror/-/codemirror-5.60.5.tgz",
      "integrity": "sha512-TiECZmm8St5YxjFUp64LK0c8WU5bxMDt9YaAek1UqUb9swrSCoJhh92fWu1p3mTEqlHjhB5sY7OFBhWroJXZVg==",
      "requires": {
        "@types/tern": "*"
      }
    },
    "@types/estree": {
      "version": "0.0.50",
      "resolved": "https://registry.npmjs.org/@types/estree/-/estree-0.0.50.tgz",
      "integrity": "sha512-C6N5s2ZFtuZRj54k2/zyRhNDjJwwcViAM3Nbm8zjBpbqAdZ00mr0CFxvSKeO8Y/e03WVFLpQMdHYVfUd6SB+Hw=="
    },
    "@types/marked": {
      "version": "4.0.1",
      "resolved": "https://registry.npmjs.org/@types/marked/-/marked-4.0.1.tgz",
      "integrity": "sha512-ZigEmCWdNUU7IjZEuQ/iaimYdDHWHfTe3kg8ORfKjyGYd9RWumPoOJRQXB0bO+XLkNwzCthW3wUIQtANaEZ1ag=="
    },
    "@types/tern": {
      "version": "0.23.4",
      "resolved": "https://registry.npmjs.org/@types/tern/-/tern-0.23.4.tgz",
      "integrity": "sha512-JAUw1iXGO1qaWwEOzxTKJZ/5JxVeON9kvGZ/osgZaJImBnyjyn0cjovPsf6FNLmyGY8Vw9DoXZCMlfMkMwHRWg==",
      "requires": {
        "@types/estree": "*"
      }
    },
    "bootstrap": {
      "version": "4.6.1",
      "resolved": "https://registry.npmjs.org/bootstrap/-/bootstrap-4.6.1.tgz",
      "integrity": "sha512-0dj+VgI9Ecom+rvvpNZ4MUZJz8dcX7WCX+eTID9+/8HgOkv3dsRzi8BGeZJCQU6flWQVYxwTQnEZFrmJSEO7og==",
      "requires": {}
    },
    "chart.js": {
      "version": "2.9.4",
      "resolved": "https://registry.npmjs.org/chart.js/-/chart.js-2.9.4.tgz",
      "integrity": "sha512-B07aAzxcrikjAPyV+01j7BmOpxtQETxTSlQ26BEYJ+3iUkbNKaOJ/nDbT6JjyqYxseM0ON12COHYdU2cTIjC7A==",
      "requires": {
        "chartjs-color": "^2.1.0",
        "moment": "^2.10.2"
      }
    },
    "chartjs-chart-graph": {
      "version": "2.2.1",
      "resolved": "https://registry.npmjs.org/chartjs-chart-graph/-/chartjs-chart-graph-2.2.1.tgz",
      "integrity": "sha512-rR8bLFYoYlJWl+Bzz4vPaTqK0SI0iemz686/PKBXRD0FVPSvpQ3gLTQGzMW7Sx9OCTu5jn66VMl+vgEPNtS2Fg==",
      "requires": {
        "d3-force": "^2.0.1",
        "d3-hierarchy": "^1.1.9"
      }
    },
    "chartjs-color": {
      "version": "2.4.1",
      "resolved": "https://registry.npmjs.org/chartjs-color/-/chartjs-color-2.4.1.tgz",
      "integrity": "sha512-haqOg1+Yebys/Ts/9bLo/BqUcONQOdr/hoEr2LLTRl6C5LXctUdHxsCYfvQVg5JIxITrfCNUDr4ntqmQk9+/0w==",
      "requires": {
        "chartjs-color-string": "^0.6.0",
        "color-convert": "^1.9.3"
      }
    },
    "chartjs-color-string": {
      "version": "0.6.0",
      "resolved": "https://registry.npmjs.org/chartjs-color-string/-/chartjs-color-string-0.6.0.tgz",
      "integrity": "sha512-TIB5OKn1hPJvO7JcteW4WY/63v6KwEdt6udfnDE9iCAZgy+V4SrbSxoIbTw/xkUIapjEI4ExGtD0+6D3KyFd7A==",
      "requires": {
        "color-name": "^1.0.0"
      }
    },
    "chartjs-plugin-datalabels": {
      "version": "0.7.0",
      "resolved": "https://registry.npmjs.org/chartjs-plugin-datalabels/-/chartjs-plugin-datalabels-0.7.0.tgz",
      "integrity": "sha512-PKVUX14nYhH0wcdCpgOoC39Gbzvn6cZ7O9n+bwc02yKD9FTnJ7/TSrBcfebmolFZp1Rcicr9xbT0a5HUbigS7g==",
      "requires": {}
    },
    "codemirror": {
      "version": "5.65.1",
      "resolved": "https://registry.npmjs.org/codemirror/-/codemirror-5.65.1.tgz",
      "integrity": "sha512-s6aac+DD+4O2u1aBmdxhB7yz2XU7tG3snOyQ05Kxifahz7hoxnfxIRHxiCSEv3TUC38dIVH8G+lZH9UWSfGQxA=="
    },
    "codemirror-spell-checker": {
      "version": "1.1.2",
      "resolved": "https://registry.npmjs.org/codemirror-spell-checker/-/codemirror-spell-checker-1.1.2.tgz",
      "integrity": "sha1-HGYPkIlIPMtRE7m6nKGcP0mTNx4=",
      "requires": {
        "typo-js": "*"
      }
    },
    "color-convert": {
      "version": "1.9.3",
      "resolved": "https://registry.npmjs.org/color-convert/-/color-convert-1.9.3.tgz",
      "integrity": "sha512-QfAUtd+vFdAtFQcC8CCyYt1fYWxSqAiK2cSD6zDB8N3cpsEBAvRxp9zOGg6G/SHHJYAT88/az/IuDGALsNVbGg==",
      "requires": {
        "color-name": "1.1.3"
      },
      "dependencies": {
        "color-name": {
          "version": "1.1.3",
          "resolved": "https://registry.npmjs.org/color-name/-/color-name-1.1.3.tgz",
          "integrity": "sha1-p9BVi9icQveV3UIyj3QIMcpTvCU="
        }
      }
    },
    "color-name": {
      "version": "1.1.4",
      "resolved": "https://registry.npmjs.org/color-name/-/color-name-1.1.4.tgz",
      "integrity": "sha512-dOy+3AuW3a2wNbZHIuMZpTcgjGuLU/uBL/ubcZF9OXbDo8ff4O8yVp5Bf0efS8uEoYo5q4Fx7dY9OgQGXgAsQA=="
    },
    "d3-dispatch": {
      "version": "2.0.0",
      "resolved": "https://registry.npmjs.org/d3-dispatch/-/d3-dispatch-2.0.0.tgz",
      "integrity": "sha512-S/m2VsXI7gAti2pBoLClFFTMOO1HTtT0j99AuXLoGFKO6deHDdnv6ZGTxSTTUTgO1zVcv82fCOtDjYK4EECmWA=="
    },
    "d3-force": {
      "version": "2.1.1",
      "resolved": "https://registry.npmjs.org/d3-force/-/d3-force-2.1.1.tgz",
      "integrity": "sha512-nAuHEzBqMvpFVMf9OX75d00OxvOXdxY+xECIXjW6Gv8BRrXu6gAWbv/9XKrvfJ5i5DCokDW7RYE50LRoK092ew==",
      "requires": {
        "d3-dispatch": "1 - 2",
        "d3-quadtree": "1 - 2",
        "d3-timer": "1 - 2"
      }
    },
    "d3-hierarchy": {
      "version": "1.1.9",
      "resolved": "https://registry.npmjs.org/d3-hierarchy/-/d3-hierarchy-1.1.9.tgz",
      "integrity": "sha512-j8tPxlqh1srJHAtxfvOUwKNYJkQuBFdM1+JAUfq6xqH5eAqf93L7oG1NVqDa4CpFZNvnNKtCYEUC8KY9yEn9lQ=="
    },
    "d3-quadtree": {
      "version": "2.0.0",
      "resolved": "https://registry.npmjs.org/d3-quadtree/-/d3-quadtree-2.0.0.tgz",
      "integrity": "sha512-b0Ed2t1UUalJpc3qXzKi+cPGxeXRr4KU9YSlocN74aTzp6R/Ud43t79yLLqxHRWZfsvWXmbDWPpoENK1K539xw=="
    },
    "d3-timer": {
      "version": "2.0.0",
      "resolved": "https://registry.npmjs.org/d3-timer/-/d3-timer-2.0.0.tgz",
      "integrity": "sha512-TO4VLh0/420Y/9dO3+f9abDEFYeCUr2WZRlxJvbp4HPTQcSylXNiL6yZa9FIUvV1yRiFufl1bszTCLDqv9PWNA=="
    },
    "dompurify": {
      "version": "2.3.4",
      "resolved": "https://registry.npmjs.org/dompurify/-/dompurify-2.3.4.tgz",
      "integrity": "sha512-6BVcgOAVFXjI0JTjEvZy901Rghm+7fDQOrNIcxB4+gdhj6Kwp6T9VBhBY/AbagKHJocRkDYGd6wvI+p4/10xtQ=="
    },
    "easymde": {
      "version": "2.16.1",
      "resolved": "https://registry.npmjs.org/easymde/-/easymde-2.16.1.tgz",
      "integrity": "sha512-FihYgjRsKfhGNk89SHSqxKLC4aJ1kfybPWW6iAmtb5GnXu+tnFPSzSaGBmk1RRlCuhFSjhF0SnIMGVPjEzkr6g==",
      "requires": {
        "@types/codemirror": "^5.60.4",
        "@types/marked": "^4.0.1",
        "codemirror": "^5.63.1",
        "codemirror-spell-checker": "1.1.2",
        "marked": "^4.0.10"
      },
      "dependencies": {
        "codemirror": {
          "version": "5.65.1",
          "resolved": "https://registry.npmjs.org/codemirror/-/codemirror-5.65.1.tgz",
          "integrity": "sha512-s6aac+DD+4O2u1aBmdxhB7yz2XU7tG3snOyQ05Kxifahz7hoxnfxIRHxiCSEv3TUC38dIVH8G+lZH9UWSfGQxA=="
        },
        "marked": {
          "version": "4.0.10",
          "resolved": "https://registry.npmjs.org/marked/-/marked-4.0.10.tgz",
          "integrity": "sha512-+QvuFj0nGgO970fySghXGmuw+Fd0gD2x3+MqCWLIPf5oxdv1Ka6b2q+z9RP01P/IaKPMEramy+7cNy/Lw8c3hw=="
        }
      }
    },
    "filepond": {
      "version": "4.30.3",
      "resolved": "https://registry.npmjs.org/filepond/-/filepond-4.30.3.tgz",
      "integrity": "sha512-G2b1LEe90Sq2vH0SYDASTB+vVU735NBctzIaFPlZtb14QAgi/AL89WyQ6LhTfqgyrMyuZur2O9yHAmzS2E9ZnA=="
    },
    "html5sortable": {
      "version": "0.13.3",
      "resolved": "https://registry.npmjs.org/html5sortable/-/html5sortable-0.13.3.tgz",
      "integrity": "sha512-rmglSaNttGo4LY33PFW51mgeD1ItvHyfS9cRCD+Cj9Msj/xFaG/sZjLGVtPbtxYJmhY/c8jtw6G07yWhC2ifEw=="
    },
    "jquery": {
      "version": "3.6.0",
      "resolved": "https://registry.npmjs.org/jquery/-/jquery-3.6.0.tgz",
      "integrity": "sha512-JVzAR/AjBvVt2BmYhxRCSYysDsPcssdmTFnzyLEts9qNwmjmu4JTAMYubEfwVOSwpQ1I1sKKFcxhZCI2buerfw=="
    },
    "marked": {
      "version": "4.0.10",
      "resolved": "https://registry.npmjs.org/marked/-/marked-4.0.10.tgz",
      "integrity": "sha512-+QvuFj0nGgO970fySghXGmuw+Fd0gD2x3+MqCWLIPf5oxdv1Ka6b2q+z9RP01P/IaKPMEramy+7cNy/Lw8c3hw=="
    },
    "moment": {
      "version": "2.29.4",
      "resolved": "https://registry.npmjs.org/moment/-/moment-2.29.4.tgz",
      "integrity": "sha512-5LC9SOxjSc2HF6vO2CyuTDNivEdoz2IvyJJGj6X8DJ0eFyfszE0QiEd+iXmBvUP3WHxSjFH/vIsA0EN00cgr8w=="
    },
    "mustache": {
      "version": "4.2.0",
      "resolved": "https://registry.npmjs.org/mustache/-/mustache-4.2.0.tgz",
      "integrity": "sha512-71ippSywq5Yb7/tVYyGbkBggbU8H3u5Rz56fH60jGFgr8uHwxs+aSKeqmluIVzM0m0kB7xQjKS6qPfd0b2ZoqQ=="
    },
    "popper.js": {
      "version": "1.16.1",
      "resolved": "https://registry.npmjs.org/popper.js/-/popper.js-1.16.1.tgz",
      "integrity": "sha512-Wb4p1J4zyFTbM+u6WuO4XstYx4Ky9Cewe4DWrel7B0w6VVICvPwdOpotjzcf6eD8TsckVnIMNONQyPIUFOUbCQ=="
    },
    "text-security": {
      "version": "3.2.1",
      "resolved": "https://registry.npmjs.org/text-security/-/text-security-3.2.1.tgz",
      "integrity": "sha512-MjDQ3lyLeLqcGqZfQCZ6kvjQiuNfJaicdgIczPJDtD4tj0vIPT8WwIOKTi8wgXCVS/F1WJmapO3SppXemrwbIA=="
    },
    "typo-js": {
      "version": "1.2.1",
      "resolved": "https://registry.npmjs.org/typo-js/-/typo-js-1.2.1.tgz",
      "integrity": "sha512-bTGLjbD3WqZDR3CgEFkyi9Q/SS2oM29ipXrWfDb4M74ea69QwKAECVceYpaBu0GfdnASMg9Qfl67ttB23nePHg=="
    },
    "xterm": {
      "version": "4.16.0",
      "resolved": "https://registry.npmjs.org/xterm/-/xterm-4.16.0.tgz",
      "integrity": "sha512-nAbuigL9CYkI075mdfqpnB8cHZNKxENCj1CQ9Tm5gSvWkMtkanmRN2mkHGjSaET1/3+X9BqISFFo7Pd2mXVjiQ=="
    },
    "xterm-addon-fit": {
      "version": "0.5.0",
      "resolved": "https://registry.npmjs.org/xterm-addon-fit/-/xterm-addon-fit-0.5.0.tgz",
      "integrity": "sha512-DsS9fqhXHacEmsPxBJZvfj2la30Iz9xk+UKjhQgnYNkrUIN5CYLbw7WEfz117c7+S86S/tpHPfvNxJsF5/G8wQ==",
      "requires": {}
    }
  }
}
