{
  "name": "system_gui",
  "version": "2.0.0",
  "lockfileVersion": 1,
  "requires": true,
  "dependencies": {
    "@engines/ax": {
      "version": "0.0.8",
      "resolved": "https://registry.npmjs.org/@engines/ax/-/ax-0.0.8.tgz",
      "integrity": "sha512-IEfq5viSp2E6NSzMoFwWLSypa4sEtXC3UlEs5SbnXn2/wo0GQxjJmuPYzxunR3ht35rp0hLY3hMEgbkk6/hI7A=="
    },
    "@engines/ax-appkit": {
      "version": "0.0.8",
      "resolved": "https://registry.npmjs.org/@engines/ax-appkit/-/ax-appkit-0.0.8.tgz",
      "integrity": "sha512-z4xx/qWm21PiG1fjl0LsIAbb1klTDY3TGqyaY6LFv+SgpycCI5q3wsuLKMlxL0v4hGOLLG8VCXpIFQWXFebqUQ=="
    },
    "@engines/ax-appkit-chartjs": {
      "version": "0.0.8",
      "resolved": "https://registry.npmjs.org/@engines/ax-appkit-chartjs/-/ax-appkit-chartjs-0.0.8.tgz",
      "integrity": "sha512-x079ENd+2d4q5JBnai9yvCQGagQppK6E+tNZbQGeJmbJm7bxU1EJ+L6s+f+3n7QmfjhYsSndtQTddj8VOOcsFw=="
    },
    "@engines/ax-appkit-codemirror": {
      "version": "0.0.8",
      "resolved": "https://registry.npmjs.org/@engines/ax-appkit-codemirror/-/ax-appkit-codemirror-0.0.8.tgz",
      "integrity": "sha512-QBeXk0RSgKpbjhkQRT19rVPdLR3KVtzDxhWWPyE8jLXUI2rS9FzbwZPQm6gfmoJV6KgLI1qvcnUKhEisjttIEA=="
    },
    "@engines/ax-appkit-dropdown": {
      "version": "0.0.8",
      "resolved": "https://registry.npmjs.org/@engines/ax-appkit-dropdown/-/ax-appkit-dropdown-0.0.8.tgz",
      "integrity": "sha512-pTA2HXUN20lEIz3yHhdaxJrnFtSQs1HxxFsBXoQ5Th6Xp4t8rXaxSsr9jeqM5kSWVsz5AlkO9EyC5bKdAW95lQ=="
    },
    "@engines/ax-appkit-easymde": {
      "version": "0.0.8",
      "resolved": "https://registry.npmjs.org/@engines/ax-appkit-easymde/-/ax-appkit-easymde-0.0.8.tgz",
      "integrity": "sha512-bxJiu2xI6HvZsCiGPhPx2JEWzUl2zQcG7q2+Zgi7IBd/4kJ0WdjSRLtvysLhyvcI6cNMtsM89jAJ7uGDmNIUUg=="
    },
    "@engines/ax-appkit-field": {
      "version": "0.0.8",
      "resolved": "https://registry.npmjs.org/@engines/ax-appkit-field/-/ax-appkit-field-0.0.8.tgz",
      "integrity": "sha512-QPG78FiS7TA1/uqG35rgDElXLXIZp7nNtJhk1Ar8CHSdQTstaisPXlK4jaLpOHD63zgOMtzqSnpTH9As3M4xlg=="
    },
    "@engines/ax-appkit-field-dependent": {
      "version": "0.0.8",
      "resolved": "https://registry.npmjs.org/@engines/ax-appkit-field-dependent/-/ax-appkit-field-dependent-0.0.8.tgz",
      "integrity": "sha512-i0UOCR1j5kdxzyWm4vdcPnaLAJsfJmYOZ4lAyORORuokWid2/Fr8820zAZFobYDv8PNGd2ABrTpRPfR1jiH8Bg=="
    },
    "@engines/ax-appkit-field-extras": {
      "version": "0.0.8",
      "resolved": "https://registry.npmjs.org/@engines/ax-appkit-field-extras/-/ax-appkit-field-extras-0.0.8.tgz",
      "integrity": "sha512-qDfl0qQeZ7U1Y6hHJDOM6xDdGwYAbuk7WlQsKYWn7RZZTONwKTATpoGVxIeIxnZQOcyfXzTwRcI2DOQe9BGPNg=="
    },
    "@engines/ax-appkit-field-nest": {
      "version": "0.0.8",
      "resolved": "https://registry.npmjs.org/@engines/ax-appkit-field-nest/-/ax-appkit-field-nest-0.0.8.tgz",
      "integrity": "sha512-bilL7yHYo4eZU7Pslas2bS1BGQqHuy855VOVLsBDkGx5IRrfea9iXLEgVBSeT6j0mpBcvGyvVhCsrBipqO1SRA=="
    },
    "@engines/ax-appkit-field-nest-prefab": {
      "version": "0.0.8",
      "resolved": "https://registry.npmjs.org/@engines/ax-appkit-field-nest-prefab/-/ax-appkit-field-nest-prefab-0.0.8.tgz",
      "integrity": "sha512-YFK1BU5UUDzMikZDBuo1Mk5ADyGnfUIPmEQJdNjCj46AgabAu2zELbzrc01eZ5BbCUtid6DXQBkCsdHxjfMCag=="
    },
    "@engines/ax-appkit-filepond": {
      "version": "0.0.8",
      "resolved": "https://registry.npmjs.org/@engines/ax-appkit-filepond/-/ax-appkit-filepond-0.0.8.tgz",
      "integrity": "sha512-I6O+5VsQmLoKIbs2638SvNEQ5qvln5X8A+elj/mAyOVH3ExrkFBnJENf9nTNIVjcdp0ZeMBC3wl7kxfdSlPkHw=="
    },
    "@engines/ax-appkit-form-async": {
      "version": "0.0.8",
      "resolved": "https://registry.npmjs.org/@engines/ax-appkit-form-async/-/ax-appkit-form-async-0.0.8.tgz",
      "integrity": "sha512-yCXAPGzk9l7mSn/WlLvxpGmBdlIYFpk1zMIScZQ6uzwQBDpAyG+gvXKoiszdoMNOzWX8RUAiLDX6KVXsaYB0XA=="
    },
    "@engines/ax-appkit-markedjs": {
      "version": "0.0.8",
      "resolved": "https://registry.npmjs.org/@engines/ax-appkit-markedjs/-/ax-appkit-markedjs-0.0.8.tgz",
      "integrity": "sha512-+IEEeBw78+VDZ0EurX0lA2JvLiMJWwG6EllozgrN8irUTLs5HlsY9xPldpzV3UCC4TsKQtM8OILKUbCufmRBLw=="
    },
    "@engines/ax-appkit-panes": {
      "version": "0.0.8",
      "resolved": "https://registry.npmjs.org/@engines/ax-appkit-panes/-/ax-appkit-panes-0.0.8.tgz",
      "integrity": "sha512-caF9KwB8002Wzq/bjAh3woqk/OYhm199VVPkbZqP110ZKVN+i91v9N7p/+1MqLbcvxbd/sBOKqznH3zPvWysMQ=="
    },
    "@engines/ax-appkit-twitter-bootstrap4": {
      "version": "0.0.8",
      "resolved": "https://registry.npmjs.org/@engines/ax-appkit-twitter-bootstrap4/-/ax-appkit-twitter-bootstrap4-0.0.8.tgz",
      "integrity": "sha512-icBTw/L8Qh9MCyBPQX4u6Sca+PkxzDLpeyund/vfX1BbEGJfQyv1vh1XEgq46hqRLdqh+4DL25bUJ5wDqsQshw=="
    },
    "@engines/ax-appkit-xtermjs": {
      "version": "0.0.8",
      "resolved": "https://registry.npmjs.org/@engines/ax-appkit-xtermjs/-/ax-appkit-xtermjs-0.0.8.tgz",
      "integrity": "sha512-tAb01RSkKkcjDoxwYWINofR1cBce65InvYdJLCojSgX7K8j1biNmvT97O/ZvQ0aludiPsSszD0/TSbkGEiwg7w=="
    },
    "@fortawesome/fontawesome-free": {
      "version": "5.15.1",
      "resolved": "https://registry.npmjs.org/@fortawesome/fontawesome-free/-/fontawesome-free-5.15.1.tgz",
      "integrity": "sha512-OEdH7SyC1suTdhBGW91/zBfR6qaIhThbcN8PUXtXilY4GYnSBbVqOntdHbC1vXwsDnX0Qix2m2+DSU1J51ybOQ=="
    },
    "@sphinxxxx/color-conversion": {
      "version": "2.2.2",
      "resolved": "https://registry.npmjs.org/@sphinxxxx/color-conversion/-/color-conversion-2.2.2.tgz",
      "integrity": "sha512-XExJS3cLqgrmNBIP3bBw6+1oQ1ksGjFh0+oClDKFYpCCqx/hlqwWO5KO/S63fzUo67SxI9dMrF0y5T/Ey7h8Zw=="
    },
    "ace-builds": {
      "version": "1.4.12",
      "resolved": "https://registry.npmjs.org/ace-builds/-/ace-builds-1.4.12.tgz",
      "integrity": "sha512-G+chJctFPiiLGvs3+/Mly3apXTcfgE45dT5yp12BcWZ1kUs+gm0qd3/fv4gsz6fVag4mM0moHVpjHDIgph6Psg=="
    },
    "ajv": {
      "version": "6.12.5",
      "resolved": "https://registry.npmjs.org/ajv/-/ajv-6.12.5.tgz",
      "integrity": "sha512-lRF8RORchjpKG50/WFf8xmg7sgCLFiYNNnqdKflk63whMQcWR5ngGjiSXkL9bjxy6B2npOK2HSMN49jEBMSkag==",
      "requires": {
        "fast-deep-equal": "^3.1.1",
        "fast-json-stable-stringify": "^2.0.0",
        "json-schema-traverse": "^0.4.1",
        "uri-js": "^4.2.2"
      }
    },
    "bootstrap": {
      "version": "4.5.3",
      "resolved": "https://registry.npmjs.org/bootstrap/-/bootstrap-4.5.3.tgz",
      "integrity": "sha512-o9ppKQioXGqhw8Z7mah6KdTYpNQY//tipnkxppWhPbiSWdD+1raYsnhwEZjkTHYbGee4cVQ0Rx65EhOY/HNLcQ=="
    },
    "chart.js": {
      "version": "2.9.4",
      "resolved": "https://registry.npmjs.org/chart.js/-/chart.js-2.9.4.tgz",
      "integrity": "sha512-B07aAzxcrikjAPyV+01j7BmOpxtQETxTSlQ26BEYJ+3iUkbNKaOJ/nDbT6JjyqYxseM0ON12COHYdU2cTIjC7A==",
      "requires": {
        "chartjs-color": "^2.1.0",
        "moment": "^2.10.2"
      }
    },
    "chartjs-chart-graph": {
      "version": "2.2.1",
      "resolved": "https://registry.npmjs.org/chartjs-chart-graph/-/chartjs-chart-graph-2.2.1.tgz",
      "integrity": "sha512-rR8bLFYoYlJWl+Bzz4vPaTqK0SI0iemz686/PKBXRD0FVPSvpQ3gLTQGzMW7Sx9OCTu5jn66VMl+vgEPNtS2Fg==",
      "requires": {
        "d3-force": "^2.0.1",
        "d3-hierarchy": "^1.1.9"
      }
    },
    "chartjs-color": {
      "version": "2.4.1",
      "resolved": "https://registry.npmjs.org/chartjs-color/-/chartjs-color-2.4.1.tgz",
      "integrity": "sha512-haqOg1+Yebys/Ts/9bLo/BqUcONQOdr/hoEr2LLTRl6C5LXctUdHxsCYfvQVg5JIxITrfCNUDr4ntqmQk9+/0w==",
      "requires": {
        "chartjs-color-string": "^0.6.0",
        "color-convert": "^1.9.3"
      }
    },
    "chartjs-color-string": {
      "version": "0.6.0",
      "resolved": "https://registry.npmjs.org/chartjs-color-string/-/chartjs-color-string-0.6.0.tgz",
      "integrity": "sha512-TIB5OKn1hPJvO7JcteW4WY/63v6KwEdt6udfnDE9iCAZgy+V4SrbSxoIbTw/xkUIapjEI4ExGtD0+6D3KyFd7A==",
      "requires": {
        "color-name": "^1.0.0"
      }
    },
    "chartjs-plugin-datalabels": {
      "version": "0.7.0",
      "resolved": "https://registry.npmjs.org/chartjs-plugin-datalabels/-/chartjs-plugin-datalabels-0.7.0.tgz",
      "integrity": "sha512-PKVUX14nYhH0wcdCpgOoC39Gbzvn6cZ7O9n+bwc02yKD9FTnJ7/TSrBcfebmolFZp1Rcicr9xbT0a5HUbigS7g=="
    },
    "codemirror": {
      "version": "5.58.2",
      "resolved": "https://registry.npmjs.org/codemirror/-/codemirror-5.58.2.tgz",
      "integrity": "sha512-K/hOh24cCwRutd1Mk3uLtjWzNISOkm4fvXiMO7LucCrqbh6aJDdtqUziim3MZUI6wOY0rvY1SlL1Ork01uMy6w=="
    },
    "codemirror-spell-checker": {
      "version": "1.1.2",
      "resolved": "https://registry.npmjs.org/codemirror-spell-checker/-/codemirror-spell-checker-1.1.2.tgz",
      "integrity": "sha1-HGYPkIlIPMtRE7m6nKGcP0mTNx4=",
      "requires": {
        "typo-js": "*"
      }
    },
    "color-convert": {
      "version": "1.9.3",
      "resolved": "https://registry.npmjs.org/color-convert/-/color-convert-1.9.3.tgz",
      "integrity": "sha512-QfAUtd+vFdAtFQcC8CCyYt1fYWxSqAiK2cSD6zDB8N3cpsEBAvRxp9zOGg6G/SHHJYAT88/az/IuDGALsNVbGg==",
      "requires": {
        "color-name": "1.1.3"
      },
      "dependencies": {
        "color-name": {
          "version": "1.1.3",
          "resolved": "https://registry.npmjs.org/color-name/-/color-name-1.1.3.tgz",
          "integrity": "sha1-p9BVi9icQveV3UIyj3QIMcpTvCU="
        }
      }
    },
    "color-name": {
      "version": "1.1.4",
      "resolved": "https://registry.npmjs.org/color-name/-/color-name-1.1.4.tgz",
      "integrity": "sha512-dOy+3AuW3a2wNbZHIuMZpTcgjGuLU/uBL/ubcZF9OXbDo8ff4O8yVp5Bf0efS8uEoYo5q4Fx7dY9OgQGXgAsQA=="
    },
    "d3-dispatch": {
      "version": "2.0.0",
      "resolved": "https://registry.npmjs.org/d3-dispatch/-/d3-dispatch-2.0.0.tgz",
      "integrity": "sha512-S/m2VsXI7gAti2pBoLClFFTMOO1HTtT0j99AuXLoGFKO6deHDdnv6ZGTxSTTUTgO1zVcv82fCOtDjYK4EECmWA=="
    },
    "d3-force": {
      "version": "2.1.1",
      "resolved": "https://registry.npmjs.org/d3-force/-/d3-force-2.1.1.tgz",
      "integrity": "sha512-nAuHEzBqMvpFVMf9OX75d00OxvOXdxY+xECIXjW6Gv8BRrXu6gAWbv/9XKrvfJ5i5DCokDW7RYE50LRoK092ew==",
      "requires": {
        "d3-dispatch": "1 - 2",
        "d3-quadtree": "1 - 2",
        "d3-timer": "1 - 2"
      }
    },
    "d3-hierarchy": {
      "version": "1.1.9",
      "resolved": "https://registry.npmjs.org/d3-hierarchy/-/d3-hierarchy-1.1.9.tgz",
      "integrity": "sha512-j8tPxlqh1srJHAtxfvOUwKNYJkQuBFdM1+JAUfq6xqH5eAqf93L7oG1NVqDa4CpFZNvnNKtCYEUC8KY9yEn9lQ=="
    },
    "d3-quadtree": {
      "version": "2.0.0",
      "resolved": "https://registry.npmjs.org/d3-quadtree/-/d3-quadtree-2.0.0.tgz",
      "integrity": "sha512-b0Ed2t1UUalJpc3qXzKi+cPGxeXRr4KU9YSlocN74aTzp6R/Ud43t79yLLqxHRWZfsvWXmbDWPpoENK1K539xw=="
    },
    "d3-timer": {
      "version": "2.0.0",
      "resolved": "https://registry.npmjs.org/d3-timer/-/d3-timer-2.0.0.tgz",
      "integrity": "sha512-TO4VLh0/420Y/9dO3+f9abDEFYeCUr2WZRlxJvbp4HPTQcSylXNiL6yZa9FIUvV1yRiFufl1bszTCLDqv9PWNA=="
    },
    "dompurify": {
      "version": "2.2.2",
      "resolved": "https://registry.npmjs.org/dompurify/-/dompurify-2.2.2.tgz",
      "integrity": "sha512-BsGR4nDLaC5CNBnyT5I+d5pOeaoWvgVeg6Gq/aqmKYWMPR07131u60I80BvExLAJ0FQEIBQ1BTicw+C5+jOyrg=="
    },
    "easymde": {
      "version": "2.12.1",
      "resolved": "https://registry.npmjs.org/easymde/-/easymde-2.12.1.tgz",
      "integrity": "sha512-4cYP+tK/vU9/KuiUskKnF9EM+DTvBe77EKduEu+HDa+nfRVVphZM76gfz2BjrWv8vbTJLOFcwlJ/NJ6+SzMApQ==",
      "requires": {
        "codemirror": "^5.58.1",
        "codemirror-spell-checker": "1.1.2",
        "marked": "^1.2.0"
      }
    },
    "fast-deep-equal": {
      "version": "3.1.3",
      "resolved": "https://registry.npmjs.org/fast-deep-equal/-/fast-deep-equal-3.1.3.tgz",
      "integrity": "sha512-f3qQ9oQy9j2AhBe/H9VC91wLmKBCCU/gDOnKNAYG5hswO7BLKj09Hc5HYNz9cGI++xlpDCIgDaitVs03ATR84Q=="
    },
    "fast-json-stable-stringify": {
      "version": "2.1.0",
      "resolved": "https://registry.npmjs.org/fast-json-stable-stringify/-/fast-json-stable-stringify-2.1.0.tgz",
      "integrity": "sha512-lhd/wF+Lk98HZoTCtlVraHtfh5XYijIjalXck7saUtuanSDyLMxnHhSXEDJqHxD7msR8D0uCmqlkwjCV8xvwHw=="
    },
    "filepond": {
      "version": "4.23.1",
      "resolved": "https://registry.npmjs.org/filepond/-/filepond-4.23.1.tgz",
      "integrity": "sha512-OHMiVucJXCC5SXZPlwbDm7lgH4hJKvlXjkKNH6fZWVoh3IAhdUDMKh18JJGpO9PC3cCl1UYi8Aa1Le96SyXHYg=="
    },
    "highlight.js": {
      "version": "10.3.2",
      "resolved": "https://registry.npmjs.org/highlight.js/-/highlight.js-10.3.2.tgz",
      "integrity": "sha512-3jRT7OUYsVsKvukNKZCtnvRcFyCJqSEIuIMsEybAXRiFSwpt65qjPd/Pr+UOdYt7WJlt+lj3+ypUsHiySBp/Jw=="
    },
    "html5sortable": {
      "version": "0.9.18",
      "resolved": "https://registry.npmjs.org/html5sortable/-/html5sortable-0.9.18.tgz",
      "integrity": "sha512-5O0toaQ/rG9rI7weESyCOQ4SPnR+1qXYqkPmMEd4vMYmrYiDhLdV1wYHZ+w22AhSKQdccRgNMjfR4HeJh2alpw=="
    },
    "javascript-natural-sort": {
      "version": "0.7.1",
      "resolved": "https://registry.npmjs.org/javascript-natural-sort/-/javascript-natural-sort-0.7.1.tgz",
      "integrity": "sha1-+eIwPUUH9tdDVac2ZNFED7Wg71k="
    },
    "jmespath": {
      "version": "0.15.0",
      "resolved": "https://registry.npmjs.org/jmespath/-/jmespath-0.15.0.tgz",
      "integrity": "sha1-o/Iiqarp+Wb10nx5ZRDigJF2Qhc="
    },
    "jquery": {
      "version": "3.5.1",
      "resolved": "https://registry.npmjs.org/jquery/-/jquery-3.5.1.tgz",
      "integrity": "sha512-XwIBPqcMn57FxfT+Go5pzySnm4KWkT1Tv7gjrpT1srtf8Weynl6R273VJ5GjkRb51IzMp5nbaPjJXMWeju2MKg=="
    },
    "json-schema-traverse": {
      "version": "0.4.1",
      "resolved": "https://registry.npmjs.org/json-schema-traverse/-/json-schema-traverse-0.4.1.tgz",
      "integrity": "sha512-xbbCH5dCYU5T8LcEhhuh7HJ88HXuW3qsI3Y0zOZFKfZEHcpWiHU/Jxzk629Brsab/mMiHQti9wMP+845RPe3Vg=="
    },
    "json-source-map": {
      "version": "0.6.1",
      "resolved": "https://registry.npmjs.org/json-source-map/-/json-source-map-0.6.1.tgz",
      "integrity": "sha512-1QoztHPsMQqhDq0hlXY5ZqcEdUzxQEIxgFkKl4WUp2pgShObl+9ovi4kRh2TfvAfxAoHOJ9vIMEqk3k4iex7tg=="
    },
    "jsoneditor": {
      "version": "9.1.1",
      "resolved": "https://registry.npmjs.org/jsoneditor/-/jsoneditor-9.1.1.tgz",
      "integrity": "sha512-dgKDY80QFnoNYqncfTcWewX3Ii1YV3ZEEquu8yJeKHsfs5sXHI2Hb7LfzYPj1X3IKevebsjy+P0MDA/j776Tig==",
      "requires": {
        "ace-builds": "^1.4.12",
        "ajv": "^6.12.5",
        "javascript-natural-sort": "^0.7.1",
        "jmespath": "^0.15.0",
        "json-source-map": "^0.6.1",
        "mobius1-selectr": "^2.4.13",
        "picomodal": "^3.0.0",
        "vanilla-picker": "^2.10.1"
      }
    },
    "marked": {
      "version": "1.2.2",
      "resolved": "https://registry.npmjs.org/marked/-/marked-1.2.2.tgz",
      "integrity": "sha512-5jjKHVl/FPo0Z6ocP3zYhKiJLzkwJAw4CZoLjv57FkvbUuwOX4LIBBGGcXjAY6ATcd1q9B8UTj5T9Umauj0QYQ=="
    },
    "markedjs": {
      "version": "10.0.0",
      "resolved": "https://registry.npmjs.org/markedjs/-/markedjs-10.0.0.tgz",
      "integrity": "sha512-fNoOcDaidUsaI+RHSrgq2f9RDkFW9uNViLgICKWUNlyaXBHT/aohs38M9u8fWHZO5DWU1K5mMBZW1Qc5FDVSig=="
    },
    "mobius1-selectr": {
      "version": "2.4.13",
      "resolved": "https://registry.npmjs.org/mobius1-selectr/-/mobius1-selectr-2.4.13.tgz",
      "integrity": "sha512-Mk9qDrvU44UUL0EBhbAA1phfQZ7aMZPjwtL7wkpiBzGh8dETGqfsh50mWoX9EkjDlkONlErWXArHCKfoxVg0Bw=="
    },
    "moment": {
      "version": "2.29.1",
      "resolved": "https://registry.npmjs.org/moment/-/moment-2.29.1.tgz",
      "integrity": "sha512-kHmoybcPV8Sqy59DwNDY3Jefr64lK/by/da0ViFcuA4DH0vQg5Q6Ze5VimxkfQNSC+Mls/Kx53s7TjP1RhFEDQ=="
    },
    "mustache": {
      "version": "4.0.1",
      "resolved": "https://registry.npmjs.org/mustache/-/mustache-4.0.1.tgz",
      "integrity": "sha512-yL5VE97+OXn4+Er3THSmTdCFCtx5hHWzrolvH+JObZnUYwuaG7XV+Ch4fR2cIrcYI0tFHxS7iyFYl14bW8y2sA=="
    },
    "picomodal": {
      "version": "3.0.0",
      "resolved": "https://registry.npmjs.org/picomodal/-/picomodal-3.0.0.tgz",
      "integrity": "sha1-+s0w9PvzSoCcHgTqUl8ATzmcC4I="
    },
    "popper.js": {
      "version": "1.16.1",
      "resolved": "https://registry.npmjs.org/popper.js/-/popper.js-1.16.1.tgz",
      "integrity": "sha512-Wb4p1J4zyFTbM+u6WuO4XstYx4Ky9Cewe4DWrel7B0w6VVICvPwdOpotjzcf6eD8TsckVnIMNONQyPIUFOUbCQ=="
    },
    "punycode": {
      "version": "2.1.1",
      "resolved": "https://registry.npmjs.org/punycode/-/punycode-2.1.1.tgz",
      "integrity": "sha512-XRsRjdf+j5ml+y/6GKHPZbrF/8p2Yga0JPtdqTIY2Xe5ohJPD9saDJJLPvp9+NSBprVvevdXZybnj2cv8OEd0A=="
    },
    "text-security": {
      "version": "3.1.1",
      "resolved": "https://registry.npmjs.org/text-security/-/text-security-3.1.1.tgz",
      "integrity": "sha512-o8mIakiAYU3NcELbpB48j4Owatk3Fp/L6blWn4+F2RKB5+56VDfSAYfOZ5ulyeQjZJlQzBSvDBC+2XwdP7UowA=="
    },
    "typo-js": {
      "version": "1.1.0",
      "resolved": "https://registry.npmjs.org/typo-js/-/typo-js-1.1.0.tgz",
      "integrity": "sha512-W3kLbx+ML9PBl5Bzso/lTvVxk4BCveSNAtQeht59FEtxCdGThmn6wSHA4Xq3eQYAK24NHdisMM4JmsK0GFy/pg=="
    },
    "uri-js": {
      "version": "4.4.0",
      "resolved": "https://registry.npmjs.org/uri-js/-/uri-js-4.4.0.tgz",
      "integrity": "sha512-B0yRTzYdUCCn9n+F4+Gh4yIDtMQcaJsmYBDsTSG8g/OejKBodLQ2IHfN3bM7jUsRXndopT7OIXWdYqc1fjmV6g==",
      "requires": {
        "punycode": "^2.1.0"
      }
    },
    "vanilla-picker": {
      "version": "2.10.1",
      "resolved": "https://registry.npmjs.org/vanilla-picker/-/vanilla-picker-2.10.1.tgz",
      "integrity": "sha512-Bo4HOKkSorcQoRB08HwDMb8X2jt3SsZw7gzFlbzXbhnaxdUVJBm3LOUudr7M1SCVwPCo8d3nq8ajiAg8lAoqPg==",
      "requires": {
        "@sphinxxxx/color-conversion": "^2.2.2"
      }
    },
    "xterm": {
      "version": "4.9.0",
      "resolved": "https://registry.npmjs.org/xterm/-/xterm-4.9.0.tgz",
      "integrity": "sha512-wGfqufmioctKr8VkbRuZbVDfjlXWGZZ1PWHy1yqqpGT3Nm6yaJx8lxDbSEBANtgaiVPTcKSp97sxOy5IlpqYfw=="
    },
    "xterm-addon-fit": {
      "version": "0.4.0",
      "resolved": "https://registry.npmjs.org/xterm-addon-fit/-/xterm-addon-fit-0.4.0.tgz",
      "integrity": "sha512-p4BESuV/g2L6pZzFHpeNLLnep9mp/DkF3qrPglMiucSFtD8iJxtMufEoEJbN8LZwB4i+8PFpFvVuFrGOSpW05w=="
    }
  }
}
